
Microsoft Visual Studio Solution File, Format Version 12.00
# Visual Studio Version 17
VisualStudioVersion = 17.5.33530.505
MinimumVisualStudioVersion = 10.0.40219.1
Project("{FAE04EC0-301F-11D3-BF4B-00C04F79EFBC}") = "Task3", "Task3\Task3.csproj", "{BA03B116-1687-4CCA-BC51-1C6F8458AE23}"
EndProject
Global
	GlobalSection(SolutionConfigurationPlatforms) = preSolution
		Debug|Any CPU = Debug|Any CPU
		Release|Any CPU = Release|Any CPU
	EndGlobalSection
	GlobalSection(ProjectConfigurationPlatforms) = postSolution
		{BA03B116-1687-4CCA-BC51-1C6F8458AE23}.Debug|Any CPU.ActiveCfg = Debug|Any CPU
		{BA03B116-1687-4CCA-BC51-1C6F8458AE23}.Debug|Any CPU.Build.0 = Debug|Any CPU
		{BA03B116-1687-4CCA-BC51-1C6F8458AE23}.Release|Any CPU.ActiveCfg = Release|Any CPU
		{BA03B116-1687-4CCA-BC51-1C6F8458AE23}.Release|Any CPU.Build.0 = Release|Any CPU
	EndGlobalSection
	GlobalSection(SolutionProperties) = preSolution
		HideSolutionNode = FALSE
	EndGlobalSection
	GlobalSection(ExtensibilityGlobals) = postSolution
		SolutionGuid = {D999D3E0-3B7A-48CE-AA90-6B0B01A0EE9C}
	EndGlobalSection
EndGlobal
